
Microsoft Visual Studio Solution File, Format Version 12.00
# Visual Studio Version 16
VisualStudioVersion = 16.0.31424.327
MinimumVisualStudioVersion = 10.0.40219.1
Project("{9A19103F-16F7-4668-BE54-9A1E7A4F7556}") = "CodeChallenge11-StackAndQueue", "CodeChallenge11-StackAndQueue\CodeChallenge11-StackAndQueue.csproj", "{35A89349-BF7E-4111-90B7-E909B9990C8F}"
EndProject
Project("{FAE04EC0-301F-11D3-BF4B-00C04F79EFBC}") = "PseudoQueueTest", "..\..\CodeChallengeTests\PseudoQueueTest\PseudoQueueTest.csproj", "{54A2A76C-75AC-42EF-ACC6-F84D76810B76}"
EndProject
Global
	GlobalSection(SolutionConfigurationPlatforms) = preSolution
		Debug|Any CPU = Debug|Any CPU
		Release|Any CPU = Release|Any CPU
	EndGlobalSection
	GlobalSection(ProjectConfigurationPlatforms) = postSolution
		{35A89349-BF7E-4111-90B7-E909B9990C8F}.Debug|Any CPU.ActiveCfg = Debug|Any CPU
		{35A89349-BF7E-4111-90B7-E909B9990C8F}.Debug|Any CPU.Build.0 = Debug|Any CPU
		{35A89349-BF7E-4111-90B7-E909B9990C8F}.Release|Any CPU.ActiveCfg = Release|Any CPU
		{35A89349-BF7E-4111-90B7-E909B9990C8F}.Release|Any CPU.Build.0 = Release|Any CPU
		{54A2A76C-75AC-42EF-ACC6-F84D76810B76}.Debug|Any CPU.ActiveCfg = Debug|Any CPU
		{54A2A76C-75AC-42EF-ACC6-F84D76810B76}.Debug|Any CPU.Build.0 = Debug|Any CPU
		{54A2A76C-75AC-42EF-ACC6-F84D76810B76}.Release|Any CPU.ActiveCfg = Release|Any CPU
		{54A2A76C-75AC-42EF-ACC6-F84D76810B76}.Release|Any CPU.Build.0 = Release|Any CPU
	EndGlobalSection
	GlobalSection(SolutionProperties) = preSolution
		HideSolutionNode = FALSE
	EndGlobalSection
	GlobalSection(ExtensibilityGlobals) = postSolution
		SolutionGuid = {DE95BC6D-DEA6-4F83-8030-3884C45AB00B}
	EndGlobalSection
EndGlobal
